
Microsoft Visual Studio Solution File, Format Version 12.00
# Visual Studio Version 17
VisualStudioVersion = 17.11.35327.3
MinimumVisualStudioVersion = 10.0.40219.1
Project("{FAE04EC0-301F-11D3-BF4B-00C04F79EFBC}") = "TodoApi", "TodoApi\TodoApi.csproj", "{0E24603E-492A-4CA9-98EC-813A6BDA24C9}"
EndProject
Global
	GlobalSection(SolutionConfigurationPlatforms) = preSolution
		Debug|Any CPU = Debug|Any CPU
		Release|Any CPU = Release|Any CPU
	EndGlobalSection
	GlobalSection(ProjectConfigurationPlatforms) = postSolution
		{0E24603E-492A-4CA9-98EC-813A6BDA24C9}.Debug|Any CPU.ActiveCfg = Debug|Any CPU
		{0E24603E-492A-4CA9-98EC-813A6BDA24C9}.Debug|Any CPU.Build.0 = Debug|Any CPU
		{0E24603E-492A-4CA9-98EC-813A6BDA24C9}.Release|Any CPU.ActiveCfg = Release|Any CPU
		{0E24603E-492A-4CA9-98EC-813A6BDA24C9}.Release|Any CPU.Build.0 = Release|Any CPU
	EndGlobalSection
	GlobalSection(SolutionProperties) = preSolution
		HideSolutionNode = FALSE
	EndGlobalSection
	GlobalSection(ExtensibilityGlobals) = postSolution
		SolutionGuid = {7CF8C215-478A-4777-B0E0-54C869F550BF}
	EndGlobalSection
EndGlobal
